
Microsoft Visual Studio Solution File, Format Version 12.00
# Visual Studio 2013
VisualStudioVersion = 12.0.31101.0
MinimumVisualStudioVersion = 10.0.40219.1
Project("{FAE04EC0-301F-11D3-BF4B-00C04F79EFBC}") = "Budgeteer", "Budgeteer\Budgeteer.csproj", "{FC2707BE-98B7-498F-A66E-E76C65F3C8C3}"
EndProject
Project("{2150E333-8FDC-42A3-9474-1A3956D46DE8}") = ".nuget", ".nuget", "{0A2A1D82-918C-40C7-A214-BD90ADD0DF14}"
	ProjectSection(SolutionItems) = preProject
		.nuget\NuGet.Config = .nuget\NuGet.Config
		.nuget\NuGet.exe = .nuget\NuGet.exe
		.nuget\NuGet.targets = .nuget\NuGet.targets
	EndProjectSection
EndProject
Project("{FAE04EC0-301F-11D3-BF4B-00C04F79EFBC}") = "Budgeteer.mspec", "Budgeteer.mspec\Budgeteer.mspec.csproj", "{C30BB426-CF04-457F-ACB5-3A956488FDD3}"
EndProject
Project("{FAE04EC0-301F-11D3-BF4B-00C04F79EFBC}") = "Common", "Common\Common.csproj", "{35FCF059-6F59-4921-8F7B-2348D096DFC5}"
EndProject
Project("{2150E333-8FDC-42A3-9474-1A3956D46DE8}") = "BankModules", "BankModules", "{17B6683D-DA66-47FB-B1F3-13BB9B9894F0}"
EndProject
Project("{FAE04EC0-301F-11D3-BF4B-00C04F79EFBC}") = "SparebankenSor", "BankModules\SparebankenSor\SparebankenSor.csproj", "{2E1B0210-DD32-42AF-9B88-F79B0907A864}"
EndProject
Project("{FAE04EC0-301F-11D3-BF4B-00C04F79EFBC}") = "SparebankenSor.Mspec", "BankModules\SparebankenSor.Mspec\SparebankenSor.Mspec.csproj", "{40454DE0-F9A4-4310-91DE-D31CD9AEB09E}"
EndProject
Project("{2150E333-8FDC-42A3-9474-1A3956D46DE8}") = "Features", "Features", "{BDA8DD0A-0349-4257-BA5D-8B4BCDF53AA2}"
EndProject
Project("{FAE04EC0-301F-11D3-BF4B-00C04F79EFBC}") = "History", "Features\History\History.csproj", "{2A362FF5-C990-476E-982D-81E038394CF8}"
EndProject
Project("{FAE04EC0-301F-11D3-BF4B-00C04F79EFBC}") = "Import", "Import\Import.csproj", "{2EF75C4D-E518-458A-92EA-0417A1ACF1BC}"
EndProject
Global
	GlobalSection(SolutionConfigurationPlatforms) = preSolution
		Debug|Any CPU = Debug|Any CPU
		Release|Any CPU = Release|Any CPU
	EndGlobalSection
	GlobalSection(ProjectConfigurationPlatforms) = postSolution
		{FC2707BE-98B7-498F-A66E-E76C65F3C8C3}.Debug|Any CPU.ActiveCfg = Debug|Any CPU
		{FC2707BE-98B7-498F-A66E-E76C65F3C8C3}.Debug|Any CPU.Build.0 = Debug|Any CPU
		{FC2707BE-98B7-498F-A66E-E76C65F3C8C3}.Release|Any CPU.ActiveCfg = Release|Any CPU
		{FC2707BE-98B7-498F-A66E-E76C65F3C8C3}.Release|Any CPU.Build.0 = Release|Any CPU
		{C30BB426-CF04-457F-ACB5-3A956488FDD3}.Debug|Any CPU.ActiveCfg = Debug|Any CPU
		{C30BB426-CF04-457F-ACB5-3A956488FDD3}.Debug|Any CPU.Build.0 = Debug|Any CPU
		{C30BB426-CF04-457F-ACB5-3A956488FDD3}.Release|Any CPU.ActiveCfg = Release|Any CPU
		{C30BB426-CF04-457F-ACB5-3A956488FDD3}.Release|Any CPU.Build.0 = Release|Any CPU
		{35FCF059-6F59-4921-8F7B-2348D096DFC5}.Debug|Any CPU.ActiveCfg = Debug|Any CPU
		{35FCF059-6F59-4921-8F7B-2348D096DFC5}.Debug|Any CPU.Build.0 = Debug|Any CPU
		{35FCF059-6F59-4921-8F7B-2348D096DFC5}.Release|Any CPU.ActiveCfg = Release|Any CPU
		{35FCF059-6F59-4921-8F7B-2348D096DFC5}.Release|Any CPU.Build.0 = Release|Any CPU
		{2E1B0210-DD32-42AF-9B88-F79B0907A864}.Debug|Any CPU.ActiveCfg = Debug|Any CPU
		{2E1B0210-DD32-42AF-9B88-F79B0907A864}.Debug|Any CPU.Build.0 = Debug|Any CPU
		{2E1B0210-DD32-42AF-9B88-F79B0907A864}.Release|Any CPU.ActiveCfg = Release|Any CPU
		{2E1B0210-DD32-42AF-9B88-F79B0907A864}.Release|Any CPU.Build.0 = Release|Any CPU
		{40454DE0-F9A4-4310-91DE-D31CD9AEB09E}.Debug|Any CPU.ActiveCfg = Debug|Any CPU
		{40454DE0-F9A4-4310-91DE-D31CD9AEB09E}.Debug|Any CPU.Build.0 = Debug|Any CPU
		{40454DE0-F9A4-4310-91DE-D31CD9AEB09E}.Release|Any CPU.ActiveCfg = Release|Any CPU
		{40454DE0-F9A4-4310-91DE-D31CD9AEB09E}.Release|Any CPU.Build.0 = Release|Any CPU
		{2A362FF5-C990-476E-982D-81E038394CF8}.Debug|Any CPU.ActiveCfg = Debug|Any CPU
		{2A362FF5-C990-476E-982D-81E038394CF8}.Debug|Any CPU.Build.0 = Debug|Any CPU
		{2A362FF5-C990-476E-982D-81E038394CF8}.Release|Any CPU.ActiveCfg = Release|Any CPU
		{2A362FF5-C990-476E-982D-81E038394CF8}.Release|Any CPU.Build.0 = Release|Any CPU
		{2EF75C4D-E518-458A-92EA-0417A1ACF1BC}.Debug|Any CPU.ActiveCfg = Debug|Any CPU
		{2EF75C4D-E518-458A-92EA-0417A1ACF1BC}.Debug|Any CPU.Build.0 = Debug|Any CPU
		{2EF75C4D-E518-458A-92EA-0417A1ACF1BC}.Release|Any CPU.ActiveCfg = Release|Any CPU
		{2EF75C4D-E518-458A-92EA-0417A1ACF1BC}.Release|Any CPU.Build.0 = Release|Any CPU
	EndGlobalSection
	GlobalSection(SolutionProperties) = preSolution
		HideSolutionNode = FALSE
	EndGlobalSection
	GlobalSection(NestedProjects) = preSolution
		{2E1B0210-DD32-42AF-9B88-F79B0907A864} = {17B6683D-DA66-47FB-B1F3-13BB9B9894F0}
		{40454DE0-F9A4-4310-91DE-D31CD9AEB09E} = {17B6683D-DA66-47FB-B1F3-13BB9B9894F0}
		{2A362FF5-C990-476E-982D-81E038394CF8} = {BDA8DD0A-0349-4257-BA5D-8B4BCDF53AA2}
	EndGlobalSection
EndGlobal
